
Microsoft Visual Studio Solution File, Format Version 12.00
# Visual Studio Version 17
VisualStudioVersion = 17.7.34031.279
MinimumVisualStudioVersion = 10.0.40219.1
Project("{9A19103F-16F7-4668-BE54-9A1E7A4F7556}") = "aref-final", "aref-final.csproj", "{9227993B-6870-42EC-B6C4-A2B688EEE2CA}"
EndProject
Global
	GlobalSection(SolutionConfigurationPlatforms) = preSolution
		Debug|Any CPU = Debug|Any CPU
		Release|Any CPU = Release|Any CPU
	EndGlobalSection
	GlobalSection(ProjectConfigurationPlatforms) = postSolution
		{9227993B-6870-42EC-B6C4-A2B688EEE2CA}.Debug|Any CPU.ActiveCfg = Debug|Any CPU
		{9227993B-6870-42EC-B6C4-A2B688EEE2CA}.Debug|Any CPU.Build.0 = Debug|Any CPU
		{9227993B-6870-42EC-B6C4-A2B688EEE2CA}.Release|Any CPU.ActiveCfg = Release|Any CPU
		{9227993B-6870-42EC-B6C4-A2B688EEE2CA}.Release|Any CPU.Build.0 = Release|Any CPU
	EndGlobalSection
	GlobalSection(SolutionProperties) = preSolution
		HideSolutionNode = FALSE
	EndGlobalSection
	GlobalSection(ExtensibilityGlobals) = postSolution
		SolutionGuid = {5FEA04C2-8DD4-4301-BAC4-5504883084B9}
	EndGlobalSection
EndGlobal
